{
  "source_commit": "88f84eed8e9b9a65a3c3f822dc847696bc45987a",
  "working_tree_dirty": true,
  "generated_at": "2026-08-15T09:31:48Z",
  "scanned_scope": [
    "."
  ],
  "excluded_directories": [
    "*.egg-info",
    ".cache",
    ".git",
    ".hg",
    ".next",
    ".nuxt",
    ".pytest_cache",
    ".scratch",
    ".svn",
    ".turbo",
    ".venv",
    "__pycache__",
    "build",
    "coverage",
    "dist",
    "docs/codemap",
    "generated",
    "node_modules",
    "out",
    "target",
    "vendor",
    "venv"
  ],
  "fingerprint_algorithm": "sha256-path-content-v1",
  "modules": [
    {
      "id": ".",
      "path": ".",
      "file_count": 7,
      "fingerprint": "95af97210f9102266d3cc11d0f2936e61b34433e891f44c77f056b5eafc8419f"
    },
    {
      "id": ".github",
      "path": ".github",
      "file_count": 1,
      "fingerprint": "f8a30b1f1f2e8e9af51a9a8dda8af4a8e4174e286107b70c8952f3a8a3d0e522"
    },
    {
      "id": "SKILLS",
      "path": "SKILLS",
      "file_count": 171,
      "fingerprint": "1762da144255d5cd94f0fb9d5fd246b372ccb62234fd5392185c6917bd70589e"
    },
    {
      "id": "assets",
      "path": "assets",
      "file_count": 1,
      "fingerprint": "3b1ada1f1ddbb28cf0205d1960415a852520db41d9d897082fde00595d134b66"
    },
    {
      "id": "docs",
      "path": "docs",
      "file_count": 10,
      "fingerprint": "bbba1a6384d19e6061861d4399c108fd4c460783d54b5b3d9b9797b0b3a6fa4c"
    },
    {
      "id": "evals",
      "path": "evals",
      "file_count": 1,
      "fingerprint": "b0be1f366c5201405cc9277fe32e421dcc3104a496551694821970d75ee6326e"
    },
    {
      "id": "maintenance",
      "path": "maintenance",
      "file_count": 109,
      "fingerprint": "355b276d312c4040e028ba7e1d1faa5552ec2b60d291c7f0c1414ae5ab17dce5"
    },
    {
      "id": "scripts",
      "path": "scripts",
      "file_count": 3,
      "fingerprint": "265d38724dff79793713f4a5848016170f0c40755034bc3933b1bc558c179fb0"
    },
    {
      "id": "tests",
      "path": "tests",
      "file_count": 58,
      "fingerprint": "5bc80c896e421773325cc496b710df1a8bdc1c69dede36c5897f053f39381879"
    }
  ]
}
